
Microsoft Visual Studio Solution File, Format Version 12.00
# Visual Studio Version 17
VisualStudioVersion = 17.5.33414.496
MinimumVisualStudioVersion = 10.0.40219.1
Project("{2150E333-8FDC-42A3-9474-1A3956D46DE8}") = "Core", "Core", "{E828A67E-93A0-46DC-A55C-BE9E106EF57E}"
EndProject
Project("{2150E333-8FDC-42A3-9474-1A3956D46DE8}") = "API", "API", "{D84548BC-8C84-478A-BBAA-219C4F1A96E8}"
EndProject
Project("{2150E333-8FDC-42A3-9474-1A3956D46DE8}") = "Test", "Test", "{98ABA1FB-86DA-4F9D-ACF6-7C3E73210E56}"
EndProject
Project("{9A19103F-16F7-4668-BE54-9A1E7A4F7556}") = "Tarefas.Test", "Test\Tarefas.Test.csproj", "{E1EED72F-252D-46AC-BAD1-E97460D86C2D}"
EndProject
Project("{9A19103F-16F7-4668-BE54-9A1E7A4F7556}") = "Tarefas.Api", "Api\Tarefas.Api.csproj", "{1EA23131-D47F-4C9D-A63A-A747A1196898}"
EndProject
Project("{9A19103F-16F7-4668-BE54-9A1E7A4F7556}") = "Tarefas.Core", "Core\Tarefas.Core.csproj", "{6F588072-883B-4B94-AFCA-28998FF0601C}"
EndProject
Global
	GlobalSection(SolutionConfigurationPlatforms) = preSolution
		Debug|Any CPU = Debug|Any CPU
		Release|Any CPU = Release|Any CPU
	EndGlobalSection
	GlobalSection(ProjectConfigurationPlatforms) = postSolution
		{E1EED72F-252D-46AC-BAD1-E97460D86C2D}.Debug|Any CPU.ActiveCfg = Debug|Any CPU
		{E1EED72F-252D-46AC-BAD1-E97460D86C2D}.Debug|Any CPU.Build.0 = Debug|Any CPU
		{E1EED72F-252D-46AC-BAD1-E97460D86C2D}.Release|Any CPU.ActiveCfg = Release|Any CPU
		{E1EED72F-252D-46AC-BAD1-E97460D86C2D}.Release|Any CPU.Build.0 = Release|Any CPU
		{1EA23131-D47F-4C9D-A63A-A747A1196898}.Debug|Any CPU.ActiveCfg = Debug|Any CPU
		{1EA23131-D47F-4C9D-A63A-A747A1196898}.Debug|Any CPU.Build.0 = Debug|Any CPU
		{1EA23131-D47F-4C9D-A63A-A747A1196898}.Release|Any CPU.ActiveCfg = Release|Any CPU
		{1EA23131-D47F-4C9D-A63A-A747A1196898}.Release|Any CPU.Build.0 = Release|Any CPU
		{6F588072-883B-4B94-AFCA-28998FF0601C}.Debug|Any CPU.ActiveCfg = Debug|Any CPU
		{6F588072-883B-4B94-AFCA-28998FF0601C}.Debug|Any CPU.Build.0 = Debug|Any CPU
		{6F588072-883B-4B94-AFCA-28998FF0601C}.Release|Any CPU.ActiveCfg = Release|Any CPU
		{6F588072-883B-4B94-AFCA-28998FF0601C}.Release|Any CPU.Build.0 = Release|Any CPU
	EndGlobalSection
	GlobalSection(SolutionProperties) = preSolution
		HideSolutionNode = FALSE
	EndGlobalSection
	GlobalSection(NestedProjects) = preSolution
		{E1EED72F-252D-46AC-BAD1-E97460D86C2D} = {98ABA1FB-86DA-4F9D-ACF6-7C3E73210E56}
		{1EA23131-D47F-4C9D-A63A-A747A1196898} = {D84548BC-8C84-478A-BBAA-219C4F1A96E8}
		{6F588072-883B-4B94-AFCA-28998FF0601C} = {E828A67E-93A0-46DC-A55C-BE9E106EF57E}
	EndGlobalSection
	GlobalSection(ExtensibilityGlobals) = postSolution
		SolutionGuid = {FC2E66AC-BA94-46C5-BE2F-E718327F353B}
	EndGlobalSection
EndGlobal
